
Microsoft Visual Studio Solution File, Format Version 12.00
# Visual Studio Version 17
VisualStudioVersion = 17.10.35122.118
MinimumVisualStudioVersion = 10.0.40219.1
Project("{FAE04EC0-301F-11D3-BF4B-00C04F79EFBC}") = "Leetcode 408 Valid Word Abbreviation", "Leetcode 408 Valid Word Abbreviation.csproj", "{87815AB3-5F5B-4F03-80BC-47EC1DF1E16B}"
EndProject
Global
	GlobalSection(SolutionConfigurationPlatforms) = preSolution
		Debug|Any CPU = Debug|Any CPU
		Release|Any CPU = Release|Any CPU
	EndGlobalSection
	GlobalSection(ProjectConfigurationPlatforms) = postSolution
		{87815AB3-5F5B-4F03-80BC-47EC1DF1E16B}.Debug|Any CPU.ActiveCfg = Debug|Any CPU
		{87815AB3-5F5B-4F03-80BC-47EC1DF1E16B}.Debug|Any CPU.Build.0 = Debug|Any CPU
		{87815AB3-5F5B-4F03-80BC-47EC1DF1E16B}.Release|Any CPU.ActiveCfg = Release|Any CPU
		{87815AB3-5F5B-4F03-80BC-47EC1DF1E16B}.Release|Any CPU.Build.0 = Release|Any CPU
	EndGlobalSection
	GlobalSection(SolutionProperties) = preSolution
		HideSolutionNode = FALSE
	EndGlobalSection
	GlobalSection(ExtensibilityGlobals) = postSolution
		SolutionGuid = {7DA87B56-B3BC-45C7-8547-6A41B263A735}
	EndGlobalSection
EndGlobal
